<?xml version="1.0" encoding="utf-8"?>
<Project ToolsVersion="4.0" xmlns="http://schemas.microsoft.com/developer/msbuild/2003">
  <ItemGroup>
    <Filter Include="通用">
      <UniqueIdentifier>b559dabb-8f32-4ba7-96f4-1dbb2bdb6acd</UniqueIdentifier>
    </Filter>
    <Filter Include="资产">
      <UniqueIdentifier>a958e23e-dbfc-4013-bb0d-80bdaf603859</UniqueIdentifier>
    </Filter>
    <Page Include="Common\StandardStyles.xaml">
      <Filter>通用</Filter>
    </Page>
    <Image Include="Assets\Logo.png">
      <Filter>资产</Filter>
    </Image>
    <Image Include="Assets\SmallLogo.png">
      <Filter>资产</Filter>
    </Image>
    <Image Include="Assets\StoreLogo.png">
      <Filter>资产</Filter>
    </Image>
    <Image Include="Assets\SplashScreen.png">
      <Filter>资产</Filter>
    </Image>
    <Filter Include="images">
      <UniqueIdentifier>{5b6ff885-eae4-43a8-8b29-df4c4345575d}</UniqueIdentifier>
    </Filter>
    <Filter Include="images\text">
      <UniqueIdentifier>{7df12c6a-e35f-4d30-bf86-628d46fc8a4a}</UniqueIdentifier>
    </Filter>
  </ItemGroup>
  <ItemGroup>
    <ApplicationDefinition Include="App.xaml" />
  </ItemGroup>
  <ItemGroup>
    <ClCompile Include="App.xaml.cpp" />
    <ClCompile Include="MainPage.xaml.cpp" />
    <ClCompile Include="pch.cpp" />
    <ClCompile Include="TextMask.cpp" />
    <ClCompile Include="TextCanvasControl.xaml.cpp" />
    <ClCompile Include="TextControl.xaml.cpp" />
    <ClCompile Include="TextLayoutItem.xaml.cpp" />
    <ClCompile Include="ILayoutItem.cpp" />
    <ClCompile Include="GraphicLayoutItem.xaml.cpp" />
    <ClCompile Include="CustomTextRenderer.cpp" />
  </ItemGroup>
  <ItemGroup>
    <ClInclude Include="pch.h" />
    <ClInclude Include="App.xaml.h" />
    <ClInclude Include="MainPage.xaml.h" />
    <ClInclude Include="TextMask.h" />
    <ClInclude Include="DirectXHelper.h" />
    <ClInclude Include="TextCanvasControl.xaml.h" />
    <ClInclude Include="TextControl.xaml.h" />
    <ClInclude Include="TextLayoutItem.xaml.h" />
    <ClInclude Include="ILayoutItem.h" />
    <ClInclude Include="GraphicLayoutItem.xaml.h" />
    <ClInclude Include="CustomTextRenderer.h" />
  </ItemGroup>
  <ItemGroup>
    <AppxManifest Include="Package.appxmanifest" />
  </ItemGroup>
  <ItemGroup>
    <None Include="TextDemo_TemporaryKey.pfx" />
  </ItemGroup>
  <ItemGroup>
    <Page Include="MainPage.xaml" />
    <Page Include="TextCanvasControl.xaml" />
    <Page Include="TextLayoutItem.xaml" />
    <Page Include="TextControl.xaml" />
    <Page Include="GraphicLayoutItem.xaml" />
  </ItemGroup>
  <ItemGroup>
    <Image Include="Assets\sample.jpg">
      <Filter>资产</Filter>
    </Image>
    <Image Include="images\text\delete.png">
      <Filter>images\text</Filter>
    </Image>
    <Image Include="images\text\rotate.png">
      <Filter>images\text</Filter>
    </Image>
    <Image Include="images\text\bold.png">
      <Filter>images\text</Filter>
    </Image>
    <Image Include="images\text\italic.png">
      <Filter>images\text</Filter>
    </Image>
    <Image Include="images\text\underline.png">
      <Filter>images\text</Filter>
    </Image>
    <Image Include="Assets\GB1.png">
      <Filter>资产</Filter>
    </Image>
    <Image Include="Assets\GB2.png">
      <Filter>资产</Filter>
    </Image>
    <Image Include="Assets\GB3.png">
      <Filter>资产</Filter>
    </Image>
  </ItemGroup>
</Project>